// !$*UTF8*$!
{
	archiveVersion = 1;
	classes = {
	};
	objectVersion = 56;
	objects = {

/* Begin PBXBuildFile section */
		FC001D302BC6DEB400F2E5E5 /* Jost-Medium.ttf in Resources */ = {isa = PBXBuildFile; fileRef = FC001D2E2BC6DEB400F2E5E5 /* Jost-Medium.ttf */; };
		FC001D312BC6DEB400F2E5E5 /* Jost-Light.ttf in Resources */ = {isa = PBXBuildFile; fileRef = FC001D2F2BC6DEB400F2E5E5 /* Jost-Light.ttf */; };
		FC001D332BC6E06B00F2E5E5 /* FontLoader.swift in Sources */ = {isa = PBXBuildFile; fileRef = FC001D322BC6E06B00F2E5E5 /* FontLoader.swift */; };
		FC001D352BC70B3600F2E5E5 /* MoviesView+Poster.swift in Sources */ = {isa = PBXBuildFile; fileRef = FC001D342BC70B3600F2E5E5 /* MoviesView+Poster.swift */; };
		FC3A53302BC7393400594517 /* FavoriteButton.swift in Sources */ = {isa = PBXBuildFile; fileRef = FC3A532F2BC7393400594517 /* FavoriteButton.swift */; };
		FC3A53322BC752C500594517 /* MoviesView+Categories.swift in Sources */ = {isa = PBXBuildFile; fileRef = FC3A53312BC752C500594517 /* MoviesView+Categories.swift */; };
		FC92EB6F2BC4266C00B90E16 /* LaunchView.swift in Sources */ = {isa = PBXBuildFile; fileRef = FC92EB6E2BC4266C00B90E16 /* LaunchView.swift */; };
		FC92EB722BC436C100B90E16 /* MoviesView.swift in Sources */ = {isa = PBXBuildFile; fileRef = FC92EB712BC436C100B90E16 /* MoviesView.swift */; };
		FC92EB742BC4395300B90E16 /* AnimationDurationKey.swift in Sources */ = {isa = PBXBuildFile; fileRef = FC92EB732BC4395300B90E16 /* AnimationDurationKey.swift */; };
		FC92EB762BC43F1500B90E16 /* Launch Screen.storyboard in Resources */ = {isa = PBXBuildFile; fileRef = FC92EB752BC43F1500B90E16 /* Launch Screen.storyboard */; };
		FC92EB792BC4436900B90E16 /* Movies.swift in Sources */ = {isa = PBXBuildFile; fileRef = FC92EB782BC4436900B90E16 /* Movies.swift */; };
		FC92EB7E2BC456B800B90E16 /* Networking.swift in Sources */ = {isa = PBXBuildFile; fileRef = FC92EB7D2BC456B800B90E16 /* Networking.swift */; };
		FC92EB802BC462CB00B90E16 /* NetworkService.swift in Sources */ = {isa = PBXBuildFile; fileRef = FC92EB7F2BC462CB00B90E16 /* NetworkService.swift */; };
		FC92EB822BC469C700B90E16 /* Samples.swift in Sources */ = {isa = PBXBuildFile; fileRef = FC92EB812BC469C700B90E16 /* Samples.swift */; };
		FC92EB862BC4938E00B90E16 /* Secrets.yml in Resources */ = {isa = PBXBuildFile; fileRef = FC92EB852BC4938E00B90E16 /* Secrets.yml */; };
		FC92EB882BC49B6B00B90E16 /* MovieDetailView.swift in Sources */ = {isa = PBXBuildFile; fileRef = FC92EB872BC49B6B00B90E16 /* MovieDetailView.swift */; };
		FC92EB8A2BC4A9D700B90E16 /* NetworkImage.swift in Sources */ = {isa = PBXBuildFile; fileRef = FC92EB892BC4A9D700B90E16 /* NetworkImage.swift */; };
		FC92EB8C2BC5650A00B90E16 /* CategoriesView.swift in Sources */ = {isa = PBXBuildFile; fileRef = FC92EB8B2BC5650A00B90E16 /* CategoriesView.swift */; };
		FC92EB942BC5803C00B90E16 /* CategoriesView+AnchorPreferences.swift in Sources */ = {isa = PBXBuildFile; fileRef = FC92EB932BC5803C00B90E16 /* CategoriesView+AnchorPreferences.swift */; };
		FC92EB962BC5904500B90E16 /* SemiCircle.swift in Sources */ = {isa = PBXBuildFile; fileRef = FC92EB952BC5904400B90E16 /* SemiCircle.swift */; };
		FC92EB982BC5B38F00B90E16 /* ImageCache.swift in Sources */ = {isa = PBXBuildFile; fileRef = FC92EB972BC5B38F00B90E16 /* ImageCache.swift */; };
		FC9B97122BC423B80082E972 /* TMDBApp.swift in Sources */ = {isa = PBXBuildFile; fileRef = FC9B97112BC423B80082E972 /* TMDBApp.swift */; };
		FC9B97162BC423BA0082E972 /* Assets.xcassets in Resources */ = {isa = PBXBuildFile; fileRef = FC9B97152BC423BA0082E972 /* Assets.xcassets */; };
		FC9B97192BC423BA0082E972 /* Preview Assets.xcassets in Resources */ = {isa = PBXBuildFile; fileRef = FC9B97182BC423BA0082E972 /* Preview Assets.xcassets */; };
		FCE45B392BC62BD4003D6461 /* WheelCarousel.swift in Sources */ = {isa = PBXBuildFile; fileRef = FCE45B382BC62BD4003D6461 /* WheelCarousel.swift */; };
		FCF879812BC840F000445933 /* SimilarMoviesView.swift in Sources */ = {isa = PBXBuildFile; fileRef = FCF879802BC840F000445933 /* SimilarMoviesView.swift */; };
		FCF879832BC87B1600445933 /* MoviesView+Search.swift in Sources */ = {isa = PBXBuildFile; fileRef = FCF879822BC87B1600445933 /* MoviesView+Search.swift */; };
		FCF879852BC8934000445933 /* KeyboardHeightListenerModifier.swift in Sources */ = {isa = PBXBuildFile; fileRef = FCF879842BC8933F00445933 /* KeyboardHeightListenerModifier.swift */; };
		FCF879892BC9833600445933 /* Debouncer.swift in Sources */ = {isa = PBXBuildFile; fileRef = FCF879882BC9833600445933 /* Debouncer.swift */; };
/* End PBXBuildFile section */

/* Begin PBXFileReference section */
		FC001D2D2BC6DDF800F2E5E5 /* Info.plist */ = {isa = PBXFileReference; lastKnownFileType = text.plist; path = Info.plist; sourceTree = "<group>"; };
		FC001D2E2BC6DEB400F2E5E5 /* Jost-Medium.ttf */ = {isa = PBXFileReference; lastKnownFileType = file; path = "Jost-Medium.ttf"; sourceTree = "<group>"; };
		FC001D2F2BC6DEB400F2E5E5 /* Jost-Light.ttf */ = {isa = PBXFileReference; lastKnownFileType = file; path = "Jost-Light.ttf"; sourceTree = "<group>"; };
		FC001D322BC6E06B00F2E5E5 /* FontLoader.swift */ = {isa = PBXFileReference; lastKnownFileType = sourcecode.swift; path = FontLoader.swift; sourceTree = "<group>"; };
		FC001D342BC70B3600F2E5E5 /* MoviesView+Poster.swift */ = {isa = PBXFileReference; lastKnownFileType = sourcecode.swift; path = "MoviesView+Poster.swift"; sourceTree = "<group>"; };
		FC3A532F2BC7393400594517 /* FavoriteButton.swift */ = {isa = PBXFileReference; lastKnownFileType = sourcecode.swift; path = FavoriteButton.swift; sourceTree = "<group>"; };
		FC3A53312BC752C500594517 /* MoviesView+Categories.swift */ = {isa = PBXFileReference; lastKnownFileType = sourcecode.swift; path = "MoviesView+Categories.swift"; sourceTree = "<group>"; };
		FC92EB6E2BC4266C00B90E16 /* LaunchView.swift */ = {isa = PBXFileReference; lastKnownFileType = sourcecode.swift; path = LaunchView.swift; sourceTree = "<group>"; };
		FC92EB712BC436C100B90E16 /* MoviesView.swift */ = {isa = PBXFileReference; lastKnownFileType = sourcecode.swift; path = MoviesView.swift; sourceTree = "<group>"; };
		FC92EB732BC4395300B90E16 /* AnimationDurationKey.swift */ = {isa = PBXFileReference; lastKnownFileType = sourcecode.swift; path = AnimationDurationKey.swift; sourceTree = "<group>"; };
		FC92EB752BC43F1500B90E16 /* Launch Screen.storyboard */ = {isa = PBXFileReference; lastKnownFileType = file.storyboard; path = "Launch Screen.storyboard"; sourceTree = "<group>"; };
		FC92EB782BC4436900B90E16 /* Movies.swift */ = {isa = PBXFileReference; lastKnownFileType = sourcecode.swift; path = Movies.swift; sourceTree = "<group>"; };
		FC92EB7D2BC456B800B90E16 /* Networking.swift */ = {isa = PBXFileReference; lastKnownFileType = sourcecode.swift; path = Networking.swift; sourceTree = "<group>"; };
		FC92EB7F2BC462CB00B90E16 /* NetworkService.swift */ = {isa = PBXFileReference; lastKnownFileType = sourcecode.swift; path = NetworkService.swift; sourceTree = "<group>"; };
		FC92EB812BC469C700B90E16 /* Samples.swift */ = {isa = PBXFileReference; lastKnownFileType = sourcecode.swift; path = Samples.swift; sourceTree = "<group>"; };
		FC92EB852BC4938E00B90E16 /* Secrets.yml */ = {isa = PBXFileReference; lastKnownFileType = text.yaml; path = Secrets.yml; sourceTree = "<group>"; };
		FC92EB872BC49B6B00B90E16 /* MovieDetailView.swift */ = {isa = PBXFileReference; lastKnownFileType = sourcecode.swift; path = MovieDetailView.swift; sourceTree = "<group>"; };
		FC92EB892BC4A9D700B90E16 /* NetworkImage.swift */ = {isa = PBXFileReference; lastKnownFileType = sourcecode.swift; path = NetworkImage.swift; sourceTree = "<group>"; };
		FC92EB8B2BC5650A00B90E16 /* CategoriesView.swift */ = {isa = PBXFileReference; lastKnownFileType = sourcecode.swift; path = CategoriesView.swift; sourceTree = "<group>"; };
		FC92EB932BC5803C00B90E16 /* CategoriesView+AnchorPreferences.swift */ = {isa = PBXFileReference; lastKnownFileType = sourcecode.swift; path = "CategoriesView+AnchorPreferences.swift"; sourceTree = "<group>"; };
		FC92EB952BC5904400B90E16 /* SemiCircle.swift */ = {isa = PBXFileReference; lastKnownFileType = sourcecode.swift; path = SemiCircle.swift; sourceTree = "<group>"; };
		FC92EB972BC5B38F00B90E16 /* ImageCache.swift */ = {isa = PBXFileReference; lastKnownFileType = sourcecode.swift; path = ImageCache.swift; sourceTree = "<group>"; };
		FC9B970E2BC423B80082E972 /* TMDB.app */ = {isa = PBXFileReference; explicitFileType = wrapper.application; includeInIndex = 0; path = TMDB.app; sourceTree = BUILT_PRODUCTS_DIR; };
		FC9B97112BC423B80082E972 /* TMDBApp.swift */ = {isa = PBXFileReference; lastKnownFileType = sourcecode.swift; path = TMDBApp.swift; sourceTree = "<group>"; };
		FC9B97152BC423BA0082E972 /* Assets.xcassets */ = {isa = PBXFileReference; lastKnownFileType = folder.assetcatalog; path = Assets.xcassets; sourceTree = "<group>"; };
		FC9B97182BC423BA0082E972 /* Preview Assets.xcassets */ = {isa = PBXFileReference; lastKnownFileType = folder.assetcatalog; path = "Preview Assets.xcassets"; sourceTree = "<group>"; };
		FCE45B382BC62BD4003D6461 /* WheelCarousel.swift */ = {isa = PBXFileReference; lastKnownFileType = sourcecode.swift; path = WheelCarousel.swift; sourceTree = "<group>"; };
		FCF879802BC840F000445933 /* SimilarMoviesView.swift */ = {isa = PBXFileReference; lastKnownFileType = sourcecode.swift; path = SimilarMoviesView.swift; sourceTree = "<group>"; };
		FCF879822BC87B1600445933 /* MoviesView+Search.swift */ = {isa = PBXFileReference; lastKnownFileType = sourcecode.swift; path = "MoviesView+Search.swift"; sourceTree = "<group>"; };
		FCF879842BC8933F00445933 /* KeyboardHeightListenerModifier.swift */ = {isa = PBXFileReference; lastKnownFileType = sourcecode.swift; path = KeyboardHeightListenerModifier.swift; sourceTree = "<group>"; };
		FCF879882BC9833600445933 /* Debouncer.swift */ = {isa = PBXFileReference; lastKnownFileType = sourcecode.swift; path = Debouncer.swift; sourceTree = "<group>"; };
/* End PBXFileReference section */

/* Begin PBXFrameworksBuildPhase section */
		FC9B970B2BC423B80082E972 /* Frameworks */ = {
			isa = PBXFrameworksBuildPhase;
			buildActionMask = 2147483647;
			files = (
			);
			runOnlyForDeploymentPostprocessing = 0;
		};
/* End PBXFrameworksBuildPhase section */

/* Begin PBXGroup section */
		FC001D2A2BC6DD0E00F2E5E5 /* Fonts */ = {
			isa = PBXGroup;
			children = (
				FC001D322BC6E06B00F2E5E5 /* FontLoader.swift */,
				FC001D2F2BC6DEB400F2E5E5 /* Jost-Light.ttf */,
				FC001D2E2BC6DEB400F2E5E5 /* Jost-Medium.ttf */,
			);
			path = Fonts;
			sourceTree = "<group>";
		};
		FC92EB6D2BC4264D00B90E16 /* Views */ = {
			isa = PBXGroup;
			children = (
				FC92EB6E2BC4266C00B90E16 /* LaunchView.swift */,
				FC92EB712BC436C100B90E16 /* MoviesView.swift */,
				FC001D342BC70B3600F2E5E5 /* MoviesView+Poster.swift */,
				FC3A53312BC752C500594517 /* MoviesView+Categories.swift */,
				FCF879822BC87B1600445933 /* MoviesView+Search.swift */,
				FC92EB8B2BC5650A00B90E16 /* CategoriesView.swift */,
				FC92EB932BC5803C00B90E16 /* CategoriesView+AnchorPreferences.swift */,
				FC92EB872BC49B6B00B90E16 /* MovieDetailView.swift */,
				FCF879802BC840F000445933 /* SimilarMoviesView.swift */,
			);
			path = Views;
			sourceTree = "<group>";
		};
		FC92EB702BC4267F00B90E16 /* Components */ = {
			isa = PBXGroup;
			children = (
				FC92EB732BC4395300B90E16 /* AnimationDurationKey.swift */,
				FC92EB892BC4A9D700B90E16 /* NetworkImage.swift */,
				FC92EB952BC5904400B90E16 /* SemiCircle.swift */,
				FCE45B382BC62BD4003D6461 /* WheelCarousel.swift */,
				FC3A532F2BC7393400594517 /* FavoriteButton.swift */,
				FCF879842BC8933F00445933 /* KeyboardHeightListenerModifier.swift */,
			);
			path = Components;
			sourceTree = "<group>";
		};
		FC92EB772BC4435900B90E16 /* Models */ = {
			isa = PBXGroup;
			children = (
				FC92EB782BC4436900B90E16 /* Movies.swift */,
				FC92EB812BC469C700B90E16 /* Samples.swift */,
				FC92EB972BC5B38F00B90E16 /* ImageCache.swift */,
				FCF879882BC9833600445933 /* Debouncer.swift */,
			);
			path = Models;
			sourceTree = "<group>";
		};
		FC92EB7C2BC4522900B90E16 /* Networking */ = {
			isa = PBXGroup;
			children = (
				FC92EB7D2BC456B800B90E16 /* Networking.swift */,
				FC92EB7F2BC462CB00B90E16 /* NetworkService.swift */,
			);
			path = Networking;
			sourceTree = "<group>";
		};
		FC9B97052BC423B80082E972 = {
			isa = PBXGroup;
			children = (
				FC9B97102BC423B80082E972 /* TMDB */,
				FC9B970F2BC423B80082E972 /* Products */,
			);
			sourceTree = "<group>";
		};
		FC9B970F2BC423B80082E972 /* Products */ = {
			isa = PBXGroup;
			children = (
				FC9B970E2BC423B80082E972 /* TMDB.app */,
			);
			name = Products;
			sourceTree = "<group>";
		};
		FC9B97102BC423B80082E972 /* TMDB */ = {
			isa = PBXGroup;
			children = (
				FC001D2D2BC6DDF800F2E5E5 /* Info.plist */,
				FC92EB7C2BC4522900B90E16 /* Networking */,
				FC92EB772BC4435900B90E16 /* Models */,
				FC92EB6D2BC4264D00B90E16 /* Views */,
				FC92EB702BC4267F00B90E16 /* Components */,
				FC001D2A2BC6DD0E00F2E5E5 /* Fonts */,
				FC9B97112BC423B80082E972 /* TMDBApp.swift */,
				FC92EB752BC43F1500B90E16 /* Launch Screen.storyboard */,
				FC9B97152BC423BA0082E972 /* Assets.xcassets */,
				FC9B97172BC423BA0082E972 /* Preview Content */,
				FC92EB852BC4938E00B90E16 /* Secrets.yml */,
			);
			path = TMDB;
			sourceTree = "<group>";
		};
		FC9B97172BC423BA0082E972 /* Preview Content */ = {
			isa = PBXGroup;
			children = (
				FC9B97182BC423BA0082E972 /* Preview Assets.xcassets */,
			);
			path = "Preview Content";
			sourceTree = "<group>";
		};
/* End PBXGroup section */

/* Begin PBXNativeTarget section */
		FC9B970D2BC423B80082E972 /* TMDB */ = {
			isa = PBXNativeTarget;
			buildConfigurationList = FC9B971C2BC423BA0082E972 /* Build configuration list for PBXNativeTarget "TMDB" */;
			buildPhases = (
				FC9B970A2BC423B80082E972 /* Sources */,
				FC9B970B2BC423B80082E972 /* Frameworks */,
				FC9B970C2BC423B80082E972 /* Resources */,
			);
			buildRules = (
			);
			dependencies = (
			);
			name = TMDB;
			productName = TMDB;
			productReference = FC9B970E2BC423B80082E972 /* TMDB.app */;
			productType = "com.apple.product-type.application";
		};
/* End PBXNativeTarget section */

/* Begin PBXProject section */
		FC9B97062BC423B80082E972 /* Project object */ = {
			isa = PBXProject;
			attributes = {
				BuildIndependentTargetsInParallel = 1;
				LastSwiftUpdateCheck = 1530;
				LastUpgradeCheck = 1530;
				TargetAttributes = {
					FC9B970D2BC423B80082E972 = {
						CreatedOnToolsVersion = 15.3;
					};
				};
			};
			buildConfigurationList = FC9B97092BC423B80082E972 /* Build configuration list for PBXProject "TMDB" */;
			compatibilityVersion = "Xcode 14.0";
			developmentRegion = en;
			hasScannedForEncodings = 0;
			knownRegions = (
				en,
				Base,
			);
			mainGroup = FC9B97052BC423B80082E972;
			productRefGroup = FC9B970F2BC423B80082E972 /* Products */;
			projectDirPath = "";
			projectRoot = "";
			targets = (
				FC9B970D2BC423B80082E972 /* TMDB */,
			);
		};
/* End PBXProject section */

/* Begin PBXResourcesBuildPhase section */
		FC9B970C2BC423B80082E972 /* Resources */ = {
			isa = PBXResourcesBuildPhase;
			buildActionMask = 2147483647;
			files = (
				FC92EB862BC4938E00B90E16 /* Secrets.yml in Resources */,
				FC92EB762BC43F1500B90E16 /* Launch Screen.storyboard in Resources */,
				FC9B97192BC423BA0082E972 /* Preview Assets.xcassets in Resources */,
				FC001D312BC6DEB400F2E5E5 /* Jost-Light.ttf in Resources */,
				FC001D302BC6DEB400F2E5E5 /* Jost-Medium.ttf in Resources */,
				FC9B97162BC423BA0082E972 /* Assets.xcassets in Resources */,
			);
			runOnlyForDeploymentPostprocessing = 0;
		};
/* End PBXResourcesBuildPhase section */

/* Begin PBXSourcesBuildPhase section */
		FC9B970A2BC423B80082E972 /* Sources */ = {
			isa = PBXSourcesBuildPhase;
			buildActionMask = 2147483647;
			files = (
				FC3A53322BC752C500594517 /* MoviesView+Categories.swift in Sources */,
				FCF879812BC840F000445933 /* SimilarMoviesView.swift in Sources */,
				FC92EB962BC5904500B90E16 /* SemiCircle.swift in Sources */,
				FC92EB8A2BC4A9D700B90E16 /* NetworkImage.swift in Sources */,
				FC92EB742BC4395300B90E16 /* AnimationDurationKey.swift in Sources */,
				FC9B97122BC423B80082E972 /* TMDBApp.swift in Sources */,
				FCF879832BC87B1600445933 /* MoviesView+Search.swift in Sources */,
				FC92EB6F2BC4266C00B90E16 /* LaunchView.swift in Sources */,
				FCF879852BC8934000445933 /* KeyboardHeightListenerModifier.swift in Sources */,
				FC92EB942BC5803C00B90E16 /* CategoriesView+AnchorPreferences.swift in Sources */,
				FC001D352BC70B3600F2E5E5 /* MoviesView+Poster.swift in Sources */,
				FC92EB882BC49B6B00B90E16 /* MovieDetailView.swift in Sources */,
				FCE45B392BC62BD4003D6461 /* WheelCarousel.swift in Sources */,
				FC92EB802BC462CB00B90E16 /* NetworkService.swift in Sources */,
				FCF879892BC9833600445933 /* Debouncer.swift in Sources */,
				FC001D332BC6E06B00F2E5E5 /* FontLoader.swift in Sources */,
				FC92EB7E2BC456B800B90E16 /* Networking.swift in Sources */,
				FC92EB822BC469C700B90E16 /* Samples.swift in Sources */,
				FC92EB8C2BC5650A00B90E16 /* CategoriesView.swift in Sources */,
				FC3A53302BC7393400594517 /* FavoriteButton.swift in Sources */,
				FC92EB722BC436C100B90E16 /* MoviesView.swift in Sources */,
				FC92EB982BC5B38F00B90E16 /* ImageCache.swift in Sources */,
				FC92EB792BC4436900B90E16 /* Movies.swift in Sources */,
			);
			runOnlyForDeploymentPostprocessing = 0;
		};
/* End PBXSourcesBuildPhase section */

/* Begin XCBuildConfiguration section */
		FC9B971A2BC423BA0082E972 /* Debug */ = {
			isa = XCBuildConfiguration;
			buildSettings = {
				ALWAYS_SEARCH_USER_PATHS = NO;
				ASSETCATALOG_COMPILER_GENERATE_SWIFT_ASSET_SYMBOL_EXTENSIONS = YES;
				CLANG_ANALYZER_NONNULL = YES;
				CLANG_ANALYZER_NUMBER_OBJECT_CONVERSION = YES_AGGRESSIVE;
				CLANG_CXX_LANGUAGE_STANDARD = "gnu++20";
				CLANG_ENABLE_MODULES = YES;
				CLANG_ENABLE_OBJC_ARC = YES;
				CLANG_ENABLE_OBJC_WEAK = YES;
				CLANG_WARN_BLOCK_CAPTURE_AUTORELEASING = YES;
				CLANG_WARN_BOOL_CONVERSION = YES;
				CLANG_WARN_COMMA = YES;
				CLANG_WARN_CONSTANT_CONVERSION = YES;
				CLANG_WARN_DEPRECATED_OBJC_IMPLEMENTATIONS = YES;
				CLANG_WARN_DIRECT_OBJC_ISA_USAGE = YES_ERROR;
				CLANG_WARN_DOCUMENTATION_COMMENTS = YES;
				CLANG_WARN_EMPTY_BODY = YES;
				CLANG_WARN_ENUM_CONVERSION = YES;
				CLANG_WARN_INFINITE_RECURSION = YES;
				CLANG_WARN_INT_CONVERSION = YES;
				CLANG_WARN_NON_LITERAL_NULL_CONVERSION = YES;
				CLANG_WARN_OBJC_IMPLICIT_RETAIN_SELF = YES;
				CLANG_WARN_OBJC_LITERAL_CONVERSION = YES;
				CLANG_WARN_OBJC_ROOT_CLASS = YES_ERROR;
				CLANG_WARN_QUOTED_INCLUDE_IN_FRAMEWORK_HEADER = YES;
				CLANG_WARN_RANGE_LOOP_ANALYSIS = YES;
				CLANG_WARN_STRICT_PROTOTYPES = YES;
				CLANG_WARN_SUSPICIOUS_MOVE = YES;
				CLANG_WARN_UNGUARDED_AVAILABILITY = YES_AGGRESSIVE;
				CLANG_WARN_UNREACHABLE_CODE = YES;
				CLANG_WARN__DUPLICATE_METHOD_MATCH = YES;
				COPY_PHASE_STRIP = NO;
				DEBUG_INFORMATION_FORMAT = dwarf;
				ENABLE_STRICT_OBJC_MSGSEND = YES;
				ENABLE_TESTABILITY = YES;
				ENABLE_USER_SCRIPT_SANDBOXING = YES;
				GCC_C_LANGUAGE_STANDARD = gnu17;
				GCC_DYNAMIC_NO_PIC = NO;
				GCC_NO_COMMON_BLOCKS = YES;
				GCC_OPTIMIZATION_LEVEL = 0;
				GCC_PREPROCESSOR_DEFINITIONS = (
					"DEBUG=1",
					"$(inherited)",
				);
				GCC_WARN_64_TO_32_BIT_CONVERSION = YES;
				GCC_WARN_ABOUT_RETURN_TYPE = YES_ERROR;
				GCC_WARN_UNDECLARED_SELECTOR = YES;
				GCC_WARN_UNINITIALIZED_AUTOS = YES_AGGRESSIVE;
				GCC_WARN_UNUSED_FUNCTION = YES;
				GCC_WARN_UNUSED_VARIABLE = YES;
				IPHONEOS_DEPLOYMENT_TARGET = 17.4;
				LOCALIZATION_PREFERS_STRING_CATALOGS = YES;
				MTL_ENABLE_DEBUG_INFO = INCLUDE_SOURCE;
				MTL_FAST_MATH = YES;
				ONLY_ACTIVE_ARCH = YES;
				SDKROOT = iphoneos;
				SWIFT_ACTIVE_COMPILATION_CONDITIONS = "DEBUG $(inherited)";
				SWIFT_OPTIMIZATION_LEVEL = "-Onone";
			};
			name = Debug;
		};
		FC9B971B2BC423BA0082E972 /* Release */ = {
			isa = XCBuildConfiguration;
			buildSettings = {
				ALWAYS_SEARCH_USER_PATHS = NO;
				ASSETCATALOG_COMPILER_GENERATE_SWIFT_ASSET_SYMBOL_EXTENSIONS = YES;
				CLANG_ANALYZER_NONNULL = YES;
				CLANG_ANALYZER_NUMBER_OBJECT_CONVERSION = YES_AGGRESSIVE;
				CLANG_CXX_LANGUAGE_STANDARD = "gnu++20";
				CLANG_ENABLE_MODULES = YES;
				CLANG_ENABLE_OBJC_ARC = YES;
				CLANG_ENABLE_OBJC_WEAK = YES;
				CLANG_WARN_BLOCK_CAPTURE_AUTORELEASING = YES;
				CLANG_WARN_BOOL_CONVERSION = YES;
				CLANG_WARN_COMMA = YES;
				CLANG_WARN_CONSTANT_CONVERSION = YES;
				CLANG_WARN_DEPRECATED_OBJC_IMPLEMENTATIONS = YES;
				CLANG_WARN_DIRECT_OBJC_ISA_USAGE = YES_ERROR;
				CLANG_WARN_DOCUMENTATION_COMMENTS = YES;
				CLANG_WARN_EMPTY_BODY = YES;
				CLANG_WARN_ENUM_CONVERSION = YES;
				CLANG_WARN_INFINITE_RECURSION = YES;
				CLANG_WARN_INT_CONVERSION = YES;
				CLANG_WARN_NON_LITERAL_NULL_CONVERSION = YES;
				CLANG_WARN_OBJC_IMPLICIT_RETAIN_SELF = YES;
				CLANG_WARN_OBJC_LITERAL_CONVERSION = YES;
				CLANG_WARN_OBJC_ROOT_CLASS = YES_ERROR;
				CLANG_WARN_QUOTED_INCLUDE_IN_FRAMEWORK_HEADER = YES;
				CLANG_WARN_RANGE_LOOP_ANALYSIS = YES;
				CLANG_WARN_STRICT_PROTOTYPES = YES;
				CLANG_WARN_SUSPICIOUS_MOVE = YES;
				CLANG_WARN_UNGUARDED_AVAILABILITY = YES_AGGRESSIVE;
				CLANG_WARN_UNREACHABLE_CODE = YES;
				CLANG_WARN__DUPLICATE_METHOD_MATCH = YES;
				COPY_PHASE_STRIP = NO;
				DEBUG_INFORMATION_FORMAT = "dwarf-with-dsym";
				ENABLE_NS_ASSERTIONS = NO;
				ENABLE_STRICT_OBJC_MSGSEND = YES;
				ENABLE_USER_SCRIPT_SANDBOXING = YES;
				GCC_C_LANGUAGE_STANDARD = gnu17;
				GCC_NO_COMMON_BLOCKS = YES;
				GCC_WARN_64_TO_32_BIT_CONVERSION = YES;
				GCC_WARN_ABOUT_RETURN_TYPE = YES_ERROR;
				GCC_WARN_UNDECLARED_SELECTOR = YES;
				GCC_WARN_UNINITIALIZED_AUTOS = YES_AGGRESSIVE;
				GCC_WARN_UNUSED_FUNCTION = YES;
				GCC_WARN_UNUSED_VARIABLE = YES;
				IPHONEOS_DEPLOYMENT_TARGET = 17.4;
				LOCALIZATION_PREFERS_STRING_CATALOGS = YES;
				MTL_ENABLE_DEBUG_INFO = NO;
				MTL_FAST_MATH = YES;
				SDKROOT = iphoneos;
				SWIFT_COMPILATION_MODE = wholemodule;
				VALIDATE_PRODUCT = YES;
			};
			name = Release;
		};
		FC9B971D2BC423BA0082E972 /* Debug */ = {
			isa = XCBuildConfiguration;
			buildSettings = {
				ASSETCATALOG_COMPILER_APPICON_NAME = AppIcon;
				ASSETCATALOG_COMPILER_GLOBAL_ACCENT_COLOR_NAME = AccentColor;
				CODE_SIGN_STYLE = Automatic;
				CURRENT_PROJECT_VERSION = 1;
				DEVELOPMENT_ASSET_PATHS = "\"TMDB/Preview Content\"";
				DEVELOPMENT_TEAM = N477T5ZBLS;
				ENABLE_PREVIEWS = YES;
				GENERATE_INFOPLIST_FILE = YES;
				INFOPLIST_FILE = TMDB/Info.plist;
				INFOPLIST_KEY_CFBundleDisplayName = TMDB;
				INFOPLIST_KEY_LSApplicationCategoryType = "public.app-category.entertainment";
				INFOPLIST_KEY_UIApplicationSceneManifest_Generation = YES;
				INFOPLIST_KEY_UIApplicationSupportsIndirectInputEvents = YES;
				INFOPLIST_KEY_UILaunchScreen_Generation = YES;
				INFOPLIST_KEY_UILaunchStoryboardName = "Launch Screen.storyboard";
				INFOPLIST_KEY_UIRequiresFullScreen = YES;
				INFOPLIST_KEY_UIStatusBarHidden = YES;
				INFOPLIST_KEY_UIStatusBarStyle = UIStatusBarStyleDarkContent;
				INFOPLIST_KEY_UISupportedInterfaceOrientations = UIInterfaceOrientationPortrait;
				INFOPLIST_KEY_UISupportedInterfaceOrientations_iPad = "UIInterfaceOrientationPortrait UIInterfaceOrientationPortraitUpsideDown";
				LD_RUNPATH_SEARCH_PATHS = (
					"$(inherited)",
					"@executable_path/Frameworks",
				);
				MARKETING_VERSION = 1.0;
				PRODUCT_BUNDLE_IDENTIFIER = swiftui.hauntarl.TMDB;
				PRODUCT_NAME = "$(TARGET_NAME)";
				SWIFT_EMIT_LOC_STRINGS = YES;
				SWIFT_VERSION = 5.0;
				TARGETED_DEVICE_FAMILY = "1,2";
			};
			name = Debug;
		};
		FC9B971E2BC423BA0082E972 /* Release */ = {
			isa = XCBuildConfiguration;
			buildSettings = {
				ASSETCATALOG_COMPILER_APPICON_NAME = AppIcon;
				ASSETCATALOG_COMPILER_GLOBAL_ACCENT_COLOR_NAME = AccentColor;
				CODE_SIGN_STYLE = Automatic;
				CURRENT_PROJECT_VERSION = 1;
				DEVELOPMENT_ASSET_PATHS = "\"TMDB/Preview Content\"";
				DEVELOPMENT_TEAM = N477T5ZBLS;
				ENABLE_PREVIEWS = YES;
				GENERATE_INFOPLIST_FILE = YES;
				INFOPLIST_FILE = TMDB/Info.plist;
				INFOPLIST_KEY_CFBundleDisplayName = TMDB;
				INFOPLIST_KEY_LSApplicationCategoryType = "public.app-category.entertainment";
				INFOPLIST_KEY_UIApplicationSceneManifest_Generation = YES;
				INFOPLIST_KEY_UIApplicationSupportsIndirectInputEvents = YES;
				INFOPLIST_KEY_UILaunchScreen_Generation = YES;
				INFOPLIST_KEY_UILaunchStoryboardName = "Launch Screen.storyboard";
				INFOPLIST_KEY_UIRequiresFullScreen = YES;
				INFOPLIST_KEY_UIStatusBarHidden = YES;
				INFOPLIST_KEY_UIStatusBarStyle = UIStatusBarStyleDarkContent;
				INFOPLIST_KEY_UISupportedInterfaceOrientations = UIInterfaceOrientationPortrait;
				INFOPLIST_KEY_UISupportedInterfaceOrientations_iPad = "UIInterfaceOrientationPortrait UIInterfaceOrientationPortraitUpsideDown";
				LD_RUNPATH_SEARCH_PATHS = (
					"$(inherited)",
					"@executable_path/Frameworks",
				);
				MARKETING_VERSION = 1.0;
				PRODUCT_BUNDLE_IDENTIFIER = swiftui.hauntarl.TMDB;
				PRODUCT_NAME = "$(TARGET_NAME)";
				SWIFT_EMIT_LOC_STRINGS = YES;
				SWIFT_VERSION = 5.0;
				TARGETED_DEVICE_FAMILY = "1,2";
			};
			name = Release;
		};
/* End XCBuildConfiguration section */

/* Begin XCConfigurationList section */
		FC9B97092BC423B80082E972 /* Build configuration list for PBXProject "TMDB" */ = {
			isa = XCConfigurationList;
			buildConfigurations = (
				FC9B971A2BC423BA0082E972 /* Debug */,
				FC9B971B2BC423BA0082E972 /* Release */,
			);
			defaultConfigurationIsVisible = 0;
			defaultConfigurationName = Release;
		};
		FC9B971C2BC423BA0082E972 /* Build configuration list for PBXNativeTarget "TMDB" */ = {
			isa = XCConfigurationList;
			buildConfigurations = (
				FC9B971D2BC423BA0082E972 /* Debug */,
				FC9B971E2BC423BA0082E972 /* Release */,
			);
			defaultConfigurationIsVisible = 0;
			defaultConfigurationName = Release;
		};
/* End XCConfigurationList section */
	};
	rootObject = FC9B97062BC423B80082E972 /* Project object */;
}
